// !$*UTF8*$!
{
	archiveVersion = 1;
	classes = {
	};
	objectVersion = 46;
	objects = {

/* Begin PBXBuildFile section */
		D4CCC9FC1D02DEC300543D74 /* AppDelegate.swift in Sources */ = {isa = PBXBuildFile; fileRef = D4CCC9FB1D02DEC300543D74 /* AppDelegate.swift */; };
		D4CCC9FE1D02DEC300543D74 /* ViewController.swift in Sources */ = {isa = PBXBuildFile; fileRef = D4CCC9FD1D02DEC300543D74 /* ViewController.swift */; };
		D4CCCA011D02DEC300543D74 /* Main.storyboard in Resources */ = {isa = PBXBuildFile; fileRef = D4CCC9FF1D02DEC300543D74 /* Main.storyboard */; };
		D4CCCA031D02DEC300543D74 /* Assets.xcassets in Resources */ = {isa = PBXBuildFile; fileRef = D4CCCA021D02DEC300543D74 /* Assets.xcassets */; };
		D4CCCA061D02DEC400543D74 /* LaunchScreen.storyboard in Resources */ = {isa = PBXBuildFile; fileRef = D4CCCA041D02DEC400543D74 /* LaunchScreen.storyboard */; };
		D4CCCA111D02DEC400543D74 /* DemoTests.swift in Sources */ = {isa = PBXBuildFile; fileRef = D4CCCA101D02DEC400543D74 /* DemoTests.swift */; };
		D4CCCA1C1D02DEC400543D74 /* DemoUITests.swift in Sources */ = {isa = PBXBuildFile; fileRef = D4CCCA1B1D02DEC400543D74 /* DemoUITests.swift */; };
/* End PBXBuildFile section */

/* Begin PBXContainerItemProxy section */
		D4CCCA0D1D02DEC400543D74 /* PBXContainerItemProxy */ = {
			isa = PBXContainerItemProxy;
			containerPortal = D4CCC9F01D02DEC300543D74 /* Project object */;
			proxyType = 1;
			remoteGlobalIDString = D4CCC9F71D02DEC300543D74;
			remoteInfo = Demo;
		};
		D4CCCA181D02DEC400543D74 /* PBXContainerItemProxy */ = {
			isa = PBXContainerItemProxy;
			containerPortal = D4CCC9F01D02DEC300543D74 /* Project object */;
			proxyType = 1;
			remoteGlobalIDString = D4CCC9F71D02DEC300543D74;
			remoteInfo = Demo;
		};
/* End PBXContainerItemProxy section */

/* Begin PBXFileReference section */
		D4CCC9F81D02DEC300543D74 /* Demo.app */ = {isa = PBXFileReference; explicitFileType = wrapper.application; includeInIndex = 0; path = Demo.app; sourceTree = BUILT_PRODUCTS_DIR; };
		D4CCC9FB1D02DEC300543D74 /* AppDelegate.swift */ = {isa = PBXFileReference; lastKnownFileType = sourcecode.swift; path = AppDelegate.swift; sourceTree = "<group>"; };
		D4CCC9FD1D02DEC300543D74 /* ViewController.swift */ = {isa = PBXFileReference; lastKnownFileType = sourcecode.swift; path = ViewController.swift; sourceTree = "<group>"; };
		D4CCCA001D02DEC300543D74 /* Base */ = {isa = PBXFileReference; lastKnownFileType = file.storyboard; name = Base; path = Base.lproj/Main.storyboard; sourceTree = "<group>"; };
		D4CCCA021D02DEC300543D74 /* Assets.xcassets */ = {isa = PBXFileReference; lastKnownFileType = folder.assetcatalog; path = Assets.xcassets; sourceTree = "<group>"; };
		D4CCCA051D02DEC400543D74 /* Base */ = {isa = PBXFileReference; lastKnownFileType = file.storyboard; name = Base; path = Base.lproj/LaunchScreen.storyboard; sourceTree = "<group>"; };
		D4CCCA071D02DEC400543D74 /* Info.plist */ = {isa = PBXFileReference; lastKnownFileType = text.plist.xml; path = Info.plist; sourceTree = "<group>"; };
		D4CCCA0C1D02DEC400543D74 /* DemoTests.xctest */ = {isa = PBXFileReference; explicitFileType = wrapper.cfbundle; includeInIndex = 0; path = DemoTests.xctest; sourceTree = BUILT_PRODUCTS_DIR; };
		D4CCCA101D02DEC400543D74 /* DemoTests.swift */ = {isa = PBXFileReference; lastKnownFileType = sourcecode.swift; path = DemoTests.swift; sourceTree = "<group>"; };
		D4CCCA121D02DEC400543D74 /* Info.plist */ = {isa = PBXFileReference; lastKnownFileType = text.plist.xml; path = Info.plist; sourceTree = "<group>"; };
		D4CCCA171D02DEC400543D74 /* DemoUITests.xctest */ = {isa = PBXFileReference; explicitFileType = wrapper.cfbundle; includeInIndex = 0; path = DemoUITests.xctest; sourceTree = BUILT_PRODUCTS_DIR; };
		D4CCCA1B1D02DEC400543D74 /* DemoUITests.swift */ = {isa = PBXFileReference; lastKnownFileType = sourcecode.swift; path = DemoUITests.swift; sourceTree = "<group>"; };
		D4CCCA1D1D02DEC400543D74 /* Info.plist */ = {isa = PBXFileReference; lastKnownFileType = text.plist.xml; path = Info.plist; sourceTree = "<group>"; };
/* End PBXFileReference section */

/* Begin PBXFrameworksBuildPhase section */
		D4CCC9F51D02DEC300543D74 /* Frameworks */ = {
			isa = PBXFrameworksBuildPhase;
			buildActionMask = 2147483647;
			files = (
			);
			runOnlyForDeploymentPostprocessing = 0;
		};
		D4CCCA091D02DEC400543D74 /* Frameworks */ = {
			isa = PBXFrameworksBuildPhase;
			buildActionMask = 2147483647;
			files = (
			);
			runOnlyForDeploymentPostprocessing = 0;
		};
		D4CCCA141D02DEC400543D74 /* Frameworks */ = {
			isa = PBXFrameworksBuildPhase;
			buildActionMask = 2147483647;
			files = (
			);
			runOnlyForDeploymentPostprocessing = 0;
		};
/* End PBXFrameworksBuildPhase section */

/* Begin PBXGroup section */
		D4CCC9EF1D02DEC300543D74 = {
			isa = PBXGroup;
			children = (
				D4CCC9FA1D02DEC300543D74 /* Demo */,
				D4CCCA0F1D02DEC400543D74 /* DemoTests */,
				D4CCCA1A1D02DEC400543D74 /* DemoUITests */,
				D4CCC9F91D02DEC300543D74 /* Products */,
			);
			sourceTree = "<group>";
		};
		D4CCC9F91D02DEC300543D74 /* Products */ = {
			isa = PBXGroup;
			children = (
				D4CCC9F81D02DEC300543D74 /* Demo.app */,
				D4CCCA0C1D02DEC400543D74 /* DemoTests.xctest */,
				D4CCCA171D02DEC400543D74 /* DemoUITests.xctest */,
			);
			name = Products;
			sourceTree = "<group>";
		};
		D4CCC9FA1D02DEC300543D74 /* Demo */ = {
			isa = PBXGroup;
			children = (
				D4CCC9FB1D02DEC300543D74 /* AppDelegate.swift */,
				D4CCC9FD1D02DEC300543D74 /* ViewController.swift */,
				D4CCC9FF1D02DEC300543D74 /* Main.storyboard */,
				D4CCCA021D02DEC300543D74 /* Assets.xcassets */,
				D4CCCA041D02DEC400543D74 /* LaunchScreen.storyboard */,
				D4CCCA071D02DEC400543D74 /* Info.plist */,
			);
			path = Demo;
			sourceTree = "<group>";
		};
		D4CCCA0F1D02DEC400543D74 /* DemoTests */ = {
			isa = PBXGroup;
			children = (
				D4CCCA101D02DEC400543D74 /* DemoTests.swift */,
				D4CCCA121D02DEC400543D74 /* Info.plist */,
			);
			path = DemoTests;
			sourceTree = "<group>";
		};
		D4CCCA1A1D02DEC400543D74 /* DemoUITests */ = {
			isa = PBXGroup;
			children = (
				D4CCCA1B1D02DEC400543D74 /* DemoUITests.swift */,
				D4CCCA1D1D02DEC400543D74 /* Info.plist */,
			);
			path = DemoUITests;
			sourceTree = "<group>";
		};
/* End PBXGroup section */

/* Begin PBXNativeTarget section */
		D4CCC9F71D02DEC300543D74 /* Demo */ = {
			isa = PBXNativeTarget;
			buildConfigurationList = D4CCCA201D02DEC400543D74 /* Build configuration list for PBXNativeTarget "Demo" */;
			buildPhases = (
				D4CCC9F41D02DEC300543D74 /* Sources */,
				D4CCC9F51D02DEC300543D74 /* Frameworks */,
				D4CCC9F61D02DEC300543D74 /* Resources */,
			);
			buildRules = (
			);
			dependencies = (
			);
			name = Demo;
			productName = Demo;
			productReference = D4CCC9F81D02DEC300543D74 /* Demo.app */;
			productType = "com.apple.product-type.application";
		};
		D4CCCA0B1D02DEC400543D74 /* DemoTests */ = {
			isa = PBXNativeTarget;
			buildConfigurationList = D4CCCA231D02DEC400543D74 /* Build configuration list for PBXNativeTarget "DemoTests" */;
			buildPhases = (
				D4CCCA081D02DEC400543D74 /* Sources */,
				D4CCCA091D02DEC400543D74 /* Frameworks */,
				D4CCCA0A1D02DEC400543D74 /* Resources */,
			);
			buildRules = (
			);
			dependencies = (
				D4CCCA0E1D02DEC400543D74 /* PBXTargetDependency */,
			);
			name = DemoTests;
			productName = DemoTests;
			productReference = D4CCCA0C1D02DEC400543D74 /* DemoTests.xctest */;
			productType = "com.apple.product-type.bundle.unit-test";
		};
		D4CCCA161D02DEC400543D74 /* DemoUITests */ = {
			isa = PBXNativeTarget;
			buildConfigurationList = D4CCCA261D02DEC400543D74 /* Build configuration list for PBXNativeTarget "DemoUITests" */;
			buildPhases = (
				D4CCCA131D02DEC400543D74 /* Sources */,
				D4CCCA141D02DEC400543D74 /* Frameworks */,
				D4CCCA151D02DEC400543D74 /* Resources */,
			);
			buildRules = (
			);
			dependencies = (
				D4CCCA191D02DEC400543D74 /* PBXTargetDependency */,
			);
			name = DemoUITests;
			productName = DemoUITests;
			productReference = D4CCCA171D02DEC400543D74 /* DemoUITests.xctest */;
			productType = "com.apple.product-type.bundle.ui-testing";
		};
/* End PBXNativeTarget section */

/* Begin PBXProject section */
		D4CCC9F01D02DEC300543D74 /* Project object */ = {
			isa = PBXProject;
			attributes = {
				LastSwiftUpdateCheck = 0730;
				LastUpgradeCheck = 0730;
				ORGANIZATIONNAME = "Zafar Saleem";
				TargetAttributes = {
					D4CCC9F71D02DEC300543D74 = {
						CreatedOnToolsVersion = 7.3.1;
					};
					D4CCCA0B1D02DEC400543D74 = {
						CreatedOnToolsVersion = 7.3.1;
						TestTargetID = D4CCC9F71D02DEC300543D74;
					};
					D4CCCA161D02DEC400543D74 = {
						CreatedOnToolsVersion = 7.3.1;
						TestTargetID = D4CCC9F71D02DEC300543D74;
					};
				};
			};
			buildConfigurationList = D4CCC9F31D02DEC300543D74 /* Build configuration list for PBXProject "Demo" */;
			compatibilityVersion = "Xcode 3.2";
			developmentRegion = English;
			hasScannedForEncodings = 0;
			knownRegions = (
				en,
				Base,
			);
			mainGroup = D4CCC9EF1D02DEC300543D74;
			productRefGroup = D4CCC9F91D02DEC300543D74 /* Products */;
			projectDirPath = "";
			projectRoot = "";
			targets = (
				D4CCC9F71D02DEC300543D74 /* Demo */,
				D4CCCA0B1D02DEC400543D74 /* DemoTests */,
				D4CCCA161D02DEC400543D74 /* DemoUITests */,
			);
		};
/* End PBXProject section */

/* Begin PBXResourcesBuildPhase section */
		D4CCC9F61D02DEC300543D74 /* Resources */ = {
			isa = PBXResourcesBuildPhase;
			buildActionMask = 2147483647;
			files = (
				D4CCCA061D02DEC400543D74 /* LaunchScreen.storyboard in Resources */,
				D4CCCA031D02DEC300543D74 /* Assets.xcassets in Resources */,
				D4CCCA011D02DEC300543D74 /* Main.storyboard in Resources */,
			);
			runOnlyForDeploymentPostprocessing = 0;
		};
		D4CCCA0A1D02DEC400543D74 /* Resources */ = {
			isa = PBXResourcesBuildPhase;
			buildActionMask = 2147483647;
			files = (
			);
			runOnlyForDeploymentPostprocessing = 0;
		};
		D4CCCA151D02DEC400543D74 /* Resources */ = {
			isa = PBXResourcesBuildPhase;
			buildActionMask = 2147483647;
			files = (
			);
			runOnlyForDeploymentPostprocessing = 0;
		};
/* End PBXResourcesBuildPhase section */

/* Begin PBXSourcesBuildPhase section */
		D4CCC9F41D02DEC300543D74 /* Sources */ = {
			isa = PBXSourcesBuildPhase;
			buildActionMask = 2147483647;
			files = (
				D4CCC9FE1D02DEC300543D74 /* ViewController.swift in Sources */,
				D4CCC9FC1D02DEC300543D74 /* AppDelegate.swift in Sources */,
			);
			runOnlyForDeploymentPostprocessing = 0;
		};
		D4CCCA081D02DEC400543D74 /* Sources */ = {
			isa = PBXSourcesBuildPhase;
			buildActionMask = 2147483647;
			files = (
				D4CCCA111D02DEC400543D74 /* DemoTests.swift in Sources */,
			);
			runOnlyForDeploymentPostprocessing = 0;
		};
		D4CCCA131D02DEC400543D74 /* Sources */ = {
			isa = PBXSourcesBuildPhase;
			buildActionMask = 2147483647;
			files = (
				D4CCCA1C1D02DEC400543D74 /* DemoUITests.swift in Sources */,
			);
			runOnlyForDeploymentPostprocessing = 0;
		};
/* End PBXSourcesBuildPhase section */

/* Begin PBXTargetDependency section */
		D4CCCA0E1D02DEC400543D74 /* PBXTargetDependency */ = {
			isa = PBXTargetDependency;
			target = D4CCC9F71D02DEC300543D74 /* Demo */;
			targetProxy = D4CCCA0D1D02DEC400543D74 /* PBXContainerItemProxy */;
		};
		D4CCCA191D02DEC400543D74 /* PBXTargetDependency */ = {
			isa = PBXTargetDependency;
			target = D4CCC9F71D02DEC300543D74 /* Demo */;
			targetProxy = D4CCCA181D02DEC400543D74 /* PBXContainerItemProxy */;
		};
/* End PBXTargetDependency section */

/* Begin PBXVariantGroup section */
		D4CCC9FF1D02DEC300543D74 /* Main.storyboard */ = {
			isa = PBXVariantGroup;
			children = (
				D4CCCA001D02DEC300543D74 /* Base */,
			);
			name = Main.storyboard;
			sourceTree = "<group>";
		};
		D4CCCA041D02DEC400543D74 /* LaunchScreen.storyboard */ = {
			isa = PBXVariantGroup;
			children = (
				D4CCCA051D02DEC400543D74 /* Base */,
			);
			name = LaunchScreen.storyboard;
			sourceTree = "<group>";
		};
/* End PBXVariantGroup section */

/* Begin XCBuildConfiguration section */
		D4CCCA1E1D02DEC400543D74 /* Debug */ = {
			isa = XCBuildConfiguration;
			buildSettings = {
				ALWAYS_SEARCH_USER_PATHS = NO;
				CLANG_ANALYZER_NONNULL = YES;
				CLANG_CXX_LANGUAGE_STANDARD = "gnu++0x";
				CLANG_CXX_LIBRARY = "libc++";
				CLANG_ENABLE_MODULES = YES;
				CLANG_ENABLE_OBJC_ARC = YES;
				CLANG_WARN_BOOL_CONVERSION = YES;
				CLANG_WARN_CONSTANT_CONVERSION = YES;
				CLANG_WARN_DIRECT_OBJC_ISA_USAGE = YES_ERROR;
				CLANG_WARN_EMPTY_BODY = YES;
				CLANG_WARN_ENUM_CONVERSION = YES;
				CLANG_WARN_INT_CONVERSION = YES;
				CLANG_WARN_OBJC_ROOT_CLASS = YES_ERROR;
				CLANG_WARN_UNREACHABLE_CODE = YES;
				CLANG_WARN__DUPLICATE_METHOD_MATCH = YES;
				"CODE_SIGN_IDENTITY[sdk=iphoneos*]" = "iPhone Developer";
				COPY_PHASE_STRIP = NO;
				DEBUG_INFORMATION_FORMAT = dwarf;
				ENABLE_STRICT_OBJC_MSGSEND = YES;
				ENABLE_TESTABILITY = YES;
				GCC_C_LANGUAGE_STANDARD = gnu99;
				GCC_DYNAMIC_NO_PIC = NO;
				GCC_NO_COMMON_BLOCKS = YES;
				GCC_OPTIMIZATION_LEVEL = 0;
				GCC_PREPROCESSOR_DEFINITIONS = (
					"DEBUG=1",
					"$(inherited)",
				);
				GCC_WARN_64_TO_32_BIT_CONVERSION = YES;
				GCC_WARN_ABOUT_RETURN_TYPE = YES_ERROR;
				GCC_WARN_UNDECLARED_SELECTOR = YES;
				GCC_WARN_UNINITIALIZED_AUTOS = YES_AGGRESSIVE;
				GCC_WARN_UNUSED_FUNCTION = YES;
				GCC_WARN_UNUSED_VARIABLE = YES;
				IPHONEOS_DEPLOYMENT_TARGET = 9.3;
				MTL_ENABLE_DEBUG_INFO = YES;
				ONLY_ACTIVE_ARCH = YES;
				SDKROOT = iphoneos;
				SWIFT_OPTIMIZATION_LEVEL = "-Onone";
				TARGETED_DEVICE_FAMILY = "1,2";
			};
			name = Debug;
		};
		D4CCCA1F1D02DEC400543D74 /* Release */ = {
			isa = XCBuildConfiguration;
			buildSettings = {
				ALWAYS_SEARCH_USER_PATHS = NO;
				CLANG_ANALYZER_NONNULL = YES;
				CLANG_CXX_LANGUAGE_STANDARD = "gnu++0x";
				CLANG_CXX_LIBRARY = "libc++";
				CLANG_ENABLE_MODULES = YES;
				CLANG_ENABLE_OBJC_ARC = YES;
				CLANG_WARN_BOOL_CONVERSION = YES;
				CLANG_WARN_CONSTANT_CONVERSION = YES;
				CLANG_WARN_DIRECT_OBJC_ISA_USAGE = YES_ERROR;
				CLANG_WARN_EMPTY_BODY = YES;
				CLANG_WARN_ENUM_CONVERSION = YES;
				CLANG_WARN_INT_CONVERSION = YES;
				CLANG_WARN_OBJC_ROOT_CLASS = YES_ERROR;
				CLANG_WARN_UNREACHABLE_CODE = YES;
				CLANG_WARN__DUPLICATE_METHOD_MATCH = YES;
				"CODE_SIGN_IDENTITY[sdk=iphoneos*]" = "iPhone Developer";
				COPY_PHASE_STRIP = NO;
				DEBUG_INFORMATION_FORMAT = "dwarf-with-dsym";
				ENABLE_NS_ASSERTIONS = NO;
				ENABLE_STRICT_OBJC_MSGSEND = YES;
				GCC_C_LANGUAGE_STANDARD = gnu99;
				GCC_NO_COMMON_BLOCKS = YES;
				GCC_WARN_64_TO_32_BIT_CONVERSION = YES;
				GCC_WARN_ABOUT_RETURN_TYPE = YES_ERROR;
				GCC_WARN_UNDECLARED_SELECTOR = YES;
				GCC_WARN_UNINITIALIZED_AUTOS = YES_AGGRESSIVE;
				GCC_WARN_UNUSED_FUNCTION = YES;
				GCC_WARN_UNUSED_VARIABLE = YES;
				IPHONEOS_DEPLOYMENT_TARGET = 9.3;
				MTL_ENABLE_DEBUG_INFO = NO;
				SDKROOT = iphoneos;
				TARGETED_DEVICE_FAMILY = "1,2";
				VALIDATE_PRODUCT = YES;
			};
			name = Release;
		};
		D4CCCA211D02DEC400543D74 /* Debug */ = {
			isa = XCBuildConfiguration;
			buildSettings = {
				ASSETCATALOG_COMPILER_APPICON_NAME = AppIcon;
				INFOPLIST_FILE = Demo/Info.plist;
				LD_RUNPATH_SEARCH_PATHS = "$(inherited) @executable_path/Frameworks";
				PRODUCT_BUNDLE_IDENTIFIER = com.nabeelzafar.Demo;
				PRODUCT_NAME = "$(TARGET_NAME)";
			};
			name = Debug;
		};
		D4CCCA221D02DEC400543D74 /* Release */ = {
			isa = XCBuildConfiguration;
			buildSettings = {
				ASSETCATALOG_COMPILER_APPICON_NAME = AppIcon;
				INFOPLIST_FILE = Demo/Info.plist;
				LD_RUNPATH_SEARCH_PATHS = "$(inherited) @executable_path/Frameworks";
				PRODUCT_BUNDLE_IDENTIFIER = com.nabeelzafar.Demo;
				PRODUCT_NAME = "$(TARGET_NAME)";
			};
			name = Release;
		};
		D4CCCA241D02DEC400543D74 /* Debug */ = {
			isa = XCBuildConfiguration;
			buildSettings = {
				BUNDLE_LOADER = "$(TEST_HOST)";
				INFOPLIST_FILE = DemoTests/Info.plist;
				LD_RUNPATH_SEARCH_PATHS = "$(inherited) @executable_path/Frameworks @loader_path/Frameworks";
				PRODUCT_BUNDLE_IDENTIFIER = com.nabeelzafar.DemoTests;
				PRODUCT_NAME = "$(TARGET_NAME)";
				TEST_HOST = "$(BUILT_PRODUCTS_DIR)/Demo.app/Demo";
			};
			name = Debug;
		};
		D4CCCA251D02DEC400543D74 /* Release */ = {
			isa = XCBuildConfiguration;
			buildSettings = {
				BUNDLE_LOADER = "$(TEST_HOST)";
				INFOPLIST_FILE = DemoTests/Info.plist;
				LD_RUNPATH_SEARCH_PATHS = "$(inherited) @executable_path/Frameworks @loader_path/Frameworks";
				PRODUCT_BUNDLE_IDENTIFIER = com.nabeelzafar.DemoTests;
				PRODUCT_NAME = "$(TARGET_NAME)";
				TEST_HOST = "$(BUILT_PRODUCTS_DIR)/Demo.app/Demo";
			};
			name = Release;
		};
		D4CCCA271D02DEC400543D74 /* Debug */ = {
			isa = XCBuildConfiguration;
			buildSettings = {
				INFOPLIST_FILE = DemoUITests/Info.plist;
				LD_RUNPATH_SEARCH_PATHS = "$(inherited) @executable_path/Frameworks @loader_path/Frameworks";
				PRODUCT_BUNDLE_IDENTIFIER = com.nabeelzafar.DemoUITests;
				PRODUCT_NAME = "$(TARGET_NAME)";
				TEST_TARGET_NAME = Demo;
			};
			name = Debug;
		};
		D4CCCA281D02DEC400543D74 /* Release */ = {
			isa = XCBuildConfiguration;
			buildSettings = {
				INFOPLIST_FILE = DemoUITests/Info.plist;
				LD_RUNPATH_SEARCH_PATHS = "$(inherited) @executable_path/Frameworks @loader_path/Frameworks";
				PRODUCT_BUNDLE_IDENTIFIER = com.nabeelzafar.DemoUITests;
				PRODUCT_NAME = "$(TARGET_NAME)";
				TEST_TARGET_NAME = Demo;
			};
			name = Release;
		};
/* End XCBuildConfiguration section */

/* Begin XCConfigurationList section */
		D4CCC9F31D02DEC300543D74 /* Build configuration list for PBXProject "Demo" */ = {
			isa = XCConfigurationList;
			buildConfigurations = (
				D4CCCA1E1D02DEC400543D74 /* Debug */,
				D4CCCA1F1D02DEC400543D74 /* Release */,
			);
			defaultConfigurationIsVisible = 0;
			defaultConfigurationName = Release;
		};
		D4CCCA201D02DEC400543D74 /* Build configuration list for PBXNativeTarget "Demo" */ = {
			isa = XCConfigurationList;
			buildConfigurations = (
				D4CCCA211D02DEC400543D74 /* Debug */,
				D4CCCA221D02DEC400543D74 /* Release */,
			);
			defaultConfigurationIsVisible = 0;
		};
		D4CCCA231D02DEC400543D74 /* Build configuration list for PBXNativeTarget "DemoTests" */ = {
			isa = XCConfigurationList;
			buildConfigurations = (
				D4CCCA241D02DEC400543D74 /* Debug */,
				D4CCCA251D02DEC400543D74 /* Release */,
			);
			defaultConfigurationIsVisible = 0;
		};
		D4CCCA261D02DEC400543D74 /* Build configuration list for PBXNativeTarget "DemoUITests" */ = {
			isa = XCConfigurationList;
			buildConfigurations = (
				D4CCCA271D02DEC400543D74 /* Debug */,
				D4CCCA281D02DEC400543D74 /* Release */,
			);
			defaultConfigurationIsVisible = 0;
		};
/* End XCConfigurationList section */
	};
	rootObject = D4CCC9F01D02DEC300543D74 /* Project object */;
}
